
Microsoft Visual Studio Solution File, Format Version 12.00
# Visual Studio Version 17
VisualStudioVersion = 17.3.32825.248
MinimumVisualStudioVersion = 10.0.40219.1
Project("{8BC9CEB8-8B4A-11D0-8D11-00A0C91BC942}") = "Калькулятор", "Калькулятор.vcxproj", "{8C820EB5-3445-44E8-B401-0A65C0111266}"
EndProject
Global
	GlobalSection(SolutionConfigurationPlatforms) = preSolution
		Debug|x64 = Debug|x64
		Debug|x86 = Debug|x86
		Release|x64 = Release|x64
		Release|x86 = Release|x86
	EndGlobalSection
	GlobalSection(ProjectConfigurationPlatforms) = postSolution
		{8C820EB5-3445-44E8-B401-0A65C0111266}.Debug|x64.ActiveCfg = Debug|x64
		{8C820EB5-3445-44E8-B401-0A65C0111266}.Debug|x64.Build.0 = Debug|x64
		{8C820EB5-3445-44E8-B401-0A65C0111266}.Debug|x86.ActiveCfg = Debug|Win32
		{8C820EB5-3445-44E8-B401-0A65C0111266}.Debug|x86.Build.0 = Debug|Win32
		{8C820EB5-3445-44E8-B401-0A65C0111266}.Release|x64.ActiveCfg = Release|x64
		{8C820EB5-3445-44E8-B401-0A65C0111266}.Release|x64.Build.0 = Release|x64
		{8C820EB5-3445-44E8-B401-0A65C0111266}.Release|x86.ActiveCfg = Release|Win32
		{8C820EB5-3445-44E8-B401-0A65C0111266}.Release|x86.Build.0 = Release|Win32
	EndGlobalSection
	GlobalSection(SolutionProperties) = preSolution
		HideSolutionNode = FALSE
	EndGlobalSection
	GlobalSection(ExtensibilityGlobals) = postSolution
		SolutionGuid = {F5D42B7B-12B4-44FF-84D2-DB5AEE9F96B0}
	EndGlobalSection
EndGlobal
